
Microsoft Visual Studio Solution File, Format Version 12.00
# Visual Studio Version 16
VisualStudioVersion = 16.0.28922.388
MinimumVisualStudioVersion = 10.0.40219.1
Project("{9A19103F-16F7-4668-BE54-9A1E7A4F7556}") = "StringCalculator", "StringCalculator.csproj", "{679DE34F-12DF-4393-8A8D-496A95814826}"
EndProject
Project("{9A19103F-16F7-4668-BE54-9A1E7A4F7556}") = "StringCalculatorTests", "..\StringCalculatorTests\StringCalculatorTests.csproj", "{083401DF-F832-485F-85D8-8EF0015AD46D}"
EndProject
Global
	GlobalSection(SolutionConfigurationPlatforms) = preSolution
		Debug|Any CPU = Debug|Any CPU
		Release|Any CPU = Release|Any CPU
	EndGlobalSection
	GlobalSection(ProjectConfigurationPlatforms) = postSolution
		{679DE34F-12DF-4393-8A8D-496A95814826}.Debug|Any CPU.ActiveCfg = Debug|Any CPU
		{679DE34F-12DF-4393-8A8D-496A95814826}.Debug|Any CPU.Build.0 = Debug|Any CPU
		{679DE34F-12DF-4393-8A8D-496A95814826}.Release|Any CPU.ActiveCfg = Release|Any CPU
		{679DE34F-12DF-4393-8A8D-496A95814826}.Release|Any CPU.Build.0 = Release|Any CPU
		{083401DF-F832-485F-85D8-8EF0015AD46D}.Debug|Any CPU.ActiveCfg = Debug|Any CPU
		{083401DF-F832-485F-85D8-8EF0015AD46D}.Debug|Any CPU.Build.0 = Debug|Any CPU
		{083401DF-F832-485F-85D8-8EF0015AD46D}.Release|Any CPU.ActiveCfg = Release|Any CPU
		{083401DF-F832-485F-85D8-8EF0015AD46D}.Release|Any CPU.Build.0 = Release|Any CPU
	EndGlobalSection
	GlobalSection(SolutionProperties) = preSolution
		HideSolutionNode = FALSE
	EndGlobalSection
	GlobalSection(ExtensibilityGlobals) = postSolution
		SolutionGuid = {300845F4-ED3B-4A7E-97C0-EA36BE51BB67}
	EndGlobalSection
EndGlobal
